// !$*UTF8*$!
{
	archiveVersion = 1;
	classes = {
	};
	objectVersion = 50;
	objects = {

/* Begin PBXBuildFile section */
		B8536C7926128FF6000A7E82 /* ToDoListApp.swift in Sources */ = {isa = PBXBuildFile; fileRef = B8536C7826128FF6000A7E82 /* ToDoListApp.swift */; };
		B8536C7B26128FF6000A7E82 /* ContentView.swift in Sources */ = {isa = PBXBuildFile; fileRef = B8536C7A26128FF6000A7E82 /* ContentView.swift */; };
		B8536C7D26128FF8000A7E82 /* Assets.xcassets in Resources */ = {isa = PBXBuildFile; fileRef = B8536C7C26128FF8000A7E82 /* Assets.xcassets */; };
		B8536C8026128FF8000A7E82 /* Preview Assets.xcassets in Resources */ = {isa = PBXBuildFile; fileRef = B8536C7F26128FF8000A7E82 /* Preview Assets.xcassets */; };
		B8536C8226128FF8000A7E82 /* Persistence.swift in Sources */ = {isa = PBXBuildFile; fileRef = B8536C8126128FF8000A7E82 /* Persistence.swift */; };
		B8536C8526128FF8000A7E82 /* ToDoList.xcdatamodeld in Sources */ = {isa = PBXBuildFile; fileRef = B8536C8326128FF8000A7E82 /* ToDoList.xcdatamodeld */; };
		B8536C962612904F000A7E82 /* QuickNewTask.swift in Sources */ = {isa = PBXBuildFile; fileRef = B8536C8E2612904F000A7E82 /* QuickNewTask.swift */; };
		B8536C972612904F000A7E82 /* CheckBox.swift in Sources */ = {isa = PBXBuildFile; fileRef = B8536C8F2612904F000A7E82 /* CheckBox.swift */; };
		B8536C982612904F000A7E82 /* CategoryView.swift in Sources */ = {isa = PBXBuildFile; fileRef = B8536C902612904F000A7E82 /* CategoryView.swift */; };
		B8536C992612904F000A7E82 /* CategoryImage.swift in Sources */ = {isa = PBXBuildFile; fileRef = B8536C912612904F000A7E82 /* CategoryImage.swift */; };
		B8536C9A2612904F000A7E82 /* UserView.swift in Sources */ = {isa = PBXBuildFile; fileRef = B8536C922612904F000A7E82 /* UserView.swift */; };
		B8536C9B2612904F000A7E82 /* TodoList.swift in Sources */ = {isa = PBXBuildFile; fileRef = B8536C932612904F000A7E82 /* TodoList.swift */; };
		B8536C9C2612904F000A7E82 /* TodoDetailRow.swift in Sources */ = {isa = PBXBuildFile; fileRef = B8536C942612904F000A7E82 /* TodoDetailRow.swift */; };
		B8536CA126129083000A7E82 /* Color+Extension.swift in Sources */ = {isa = PBXBuildFile; fileRef = B8536C9F26129083000A7E82 /* Color+Extension.swift */; };
		B8536CA226129083000A7E82 /* TodoEntity+Exension.swift in Sources */ = {isa = PBXBuildFile; fileRef = B8536CA026129083000A7E82 /* TodoEntity+Exension.swift */; };
		B862EA392614991500E435BA /* NewTask.swift in Sources */ = {isa = PBXBuildFile; fileRef = B862EA382614991500E435BA /* NewTask.swift */; };
		B862EA3C26149BB800E435BA /* Binding+Extension.swift in Sources */ = {isa = PBXBuildFile; fileRef = B862EA3B26149BB800E435BA /* Binding+Extension.swift */; };
		B862EA3F2614C27500E435BA /* EditTask.swift in Sources */ = {isa = PBXBuildFile; fileRef = B862EA3E2614C27500E435BA /* EditTask.swift */; };
/* End PBXBuildFile section */

/* Begin PBXFileReference section */
		B8536C7526128FF6000A7E82 /* ToDoList.app */ = {isa = PBXFileReference; explicitFileType = wrapper.application; includeInIndex = 0; path = ToDoList.app; sourceTree = BUILT_PRODUCTS_DIR; };
		B8536C7826128FF6000A7E82 /* ToDoListApp.swift */ = {isa = PBXFileReference; lastKnownFileType = sourcecode.swift; path = ToDoListApp.swift; sourceTree = "<group>"; };
		B8536C7A26128FF6000A7E82 /* ContentView.swift */ = {isa = PBXFileReference; lastKnownFileType = sourcecode.swift; path = ContentView.swift; sourceTree = "<group>"; };
		B8536C7C26128FF8000A7E82 /* Assets.xcassets */ = {isa = PBXFileReference; lastKnownFileType = folder.assetcatalog; path = Assets.xcassets; sourceTree = "<group>"; };
		B8536C7F26128FF8000A7E82 /* Preview Assets.xcassets */ = {isa = PBXFileReference; lastKnownFileType = folder.assetcatalog; path = "Preview Assets.xcassets"; sourceTree = "<group>"; };
		B8536C8126128FF8000A7E82 /* Persistence.swift */ = {isa = PBXFileReference; lastKnownFileType = sourcecode.swift; path = Persistence.swift; sourceTree = "<group>"; };
		B8536C8426128FF8000A7E82 /* ToDoList.xcdatamodel */ = {isa = PBXFileReference; lastKnownFileType = wrapper.xcdatamodel; path = ToDoList.xcdatamodel; sourceTree = "<group>"; };
		B8536C8626128FF8000A7E82 /* Info.plist */ = {isa = PBXFileReference; lastKnownFileType = text.plist.xml; path = Info.plist; sourceTree = "<group>"; };
		B8536C8E2612904F000A7E82 /* QuickNewTask.swift */ = {isa = PBXFileReference; fileEncoding = 4; lastKnownFileType = sourcecode.swift; path = QuickNewTask.swift; sourceTree = "<group>"; };
		B8536C8F2612904F000A7E82 /* CheckBox.swift */ = {isa = PBXFileReference; fileEncoding = 4; lastKnownFileType = sourcecode.swift; path = CheckBox.swift; sourceTree = "<group>"; };
		B8536C902612904F000A7E82 /* CategoryView.swift */ = {isa = PBXFileReference; fileEncoding = 4; lastKnownFileType = sourcecode.swift; path = CategoryView.swift; sourceTree = "<group>"; };
		B8536C912612904F000A7E82 /* CategoryImage.swift */ = {isa = PBXFileReference; fileEncoding = 4; lastKnownFileType = sourcecode.swift; path = CategoryImage.swift; sourceTree = "<group>"; };
		B8536C922612904F000A7E82 /* UserView.swift */ = {isa = PBXFileReference; fileEncoding = 4; lastKnownFileType = sourcecode.swift; path = UserView.swift; sourceTree = "<group>"; };
		B8536C932612904F000A7E82 /* TodoList.swift */ = {isa = PBXFileReference; fileEncoding = 4; lastKnownFileType = sourcecode.swift; path = TodoList.swift; sourceTree = "<group>"; };
		B8536C942612904F000A7E82 /* TodoDetailRow.swift */ = {isa = PBXFileReference; fileEncoding = 4; lastKnownFileType = sourcecode.swift; path = TodoDetailRow.swift; sourceTree = "<group>"; };
		B8536C9F26129083000A7E82 /* Color+Extension.swift */ = {isa = PBXFileReference; fileEncoding = 4; lastKnownFileType = sourcecode.swift; path = "Color+Extension.swift"; sourceTree = "<group>"; };
		B8536CA026129083000A7E82 /* TodoEntity+Exension.swift */ = {isa = PBXFileReference; fileEncoding = 4; lastKnownFileType = sourcecode.swift; path = "TodoEntity+Exension.swift"; sourceTree = "<group>"; };
		B862EA382614991500E435BA /* NewTask.swift */ = {isa = PBXFileReference; lastKnownFileType = sourcecode.swift; path = NewTask.swift; sourceTree = "<group>"; };
		B862EA3B26149BB800E435BA /* Binding+Extension.swift */ = {isa = PBXFileReference; lastKnownFileType = sourcecode.swift; path = "Binding+Extension.swift"; sourceTree = "<group>"; };
		B862EA3E2614C27500E435BA /* EditTask.swift */ = {isa = PBXFileReference; lastKnownFileType = sourcecode.swift; path = EditTask.swift; sourceTree = "<group>"; };
/* End PBXFileReference section */

/* Begin PBXFrameworksBuildPhase section */
		B8536C7226128FF6000A7E82 /* Frameworks */ = {
			isa = PBXFrameworksBuildPhase;
			buildActionMask = 2147483647;
			files = (
			);
			runOnlyForDeploymentPostprocessing = 0;
		};
/* End PBXFrameworksBuildPhase section */

/* Begin PBXGroup section */
		B8536C6C26128FF6000A7E82 = {
			isa = PBXGroup;
			children = (
				B8536C7726128FF6000A7E82 /* ToDoList */,
				B8536C7626128FF6000A7E82 /* Products */,
			);
			sourceTree = "<group>";
		};
		B8536C7626128FF6000A7E82 /* Products */ = {
			isa = PBXGroup;
			children = (
				B8536C7526128FF6000A7E82 /* ToDoList.app */,
			);
			name = Products;
			sourceTree = "<group>";
		};
		B8536C7726128FF6000A7E82 /* ToDoList */ = {
			isa = PBXGroup;
			children = (
				B8536C7826128FF6000A7E82 /* ToDoListApp.swift */,
				B8536C9E26129063000A7E82 /* Extension */,
				B8536C7A26128FF6000A7E82 /* ContentView.swift */,
				B8536C912612904F000A7E82 /* CategoryImage.swift */,
				B8536C902612904F000A7E82 /* CategoryView.swift */,
				B8536C8F2612904F000A7E82 /* CheckBox.swift */,
				B8536C8E2612904F000A7E82 /* QuickNewTask.swift */,
				B8536C942612904F000A7E82 /* TodoDetailRow.swift */,
				B8536C932612904F000A7E82 /* TodoList.swift */,
				B8536C922612904F000A7E82 /* UserView.swift */,
				B862EA382614991500E435BA /* NewTask.swift */,
				B862EA3E2614C27500E435BA /* EditTask.swift */,
				B8536C7C26128FF8000A7E82 /* Assets.xcassets */,
				B8536C8126128FF8000A7E82 /* Persistence.swift */,
				B8536C8626128FF8000A7E82 /* Info.plist */,
				B8536C8326128FF8000A7E82 /* ToDoList.xcdatamodeld */,
				B8536C7E26128FF8000A7E82 /* Preview Content */,
			);
			path = ToDoList;
			sourceTree = "<group>";
		};
		B8536C7E26128FF8000A7E82 /* Preview Content */ = {
			isa = PBXGroup;
			children = (
				B8536C7F26128FF8000A7E82 /* Preview Assets.xcassets */,
			);
			path = "Preview Content";
			sourceTree = "<group>";
		};
		B8536C9E26129063000A7E82 /* Extension */ = {
			isa = PBXGroup;
			children = (
				B8536C9F26129083000A7E82 /* Color+Extension.swift */,
				B8536CA026129083000A7E82 /* TodoEntity+Exension.swift */,
				B862EA3B26149BB800E435BA /* Binding+Extension.swift */,
			);
			path = Extension;
			sourceTree = "<group>";
		};
/* End PBXGroup section */

/* Begin PBXNativeTarget section */
		B8536C7426128FF6000A7E82 /* ToDoList */ = {
			isa = PBXNativeTarget;
			buildConfigurationList = B8536C8926128FF8000A7E82 /* Build configuration list for PBXNativeTarget "ToDoList" */;
			buildPhases = (
				B8536C7126128FF6000A7E82 /* Sources */,
				B8536C7226128FF6000A7E82 /* Frameworks */,
				B8536C7326128FF6000A7E82 /* Resources */,
			);
			buildRules = (
			);
			dependencies = (
			);
			name = ToDoList;
			productName = ToDoList;
			productReference = B8536C7526128FF6000A7E82 /* ToDoList.app */;
			productType = "com.apple.product-type.application";
		};
/* End PBXNativeTarget section */

/* Begin PBXProject section */
		B8536C6D26128FF6000A7E82 /* Project object */ = {
			isa = PBXProject;
			attributes = {
				LastSwiftUpdateCheck = 1240;
				LastUpgradeCheck = 1240;
				TargetAttributes = {
					B8536C7426128FF6000A7E82 = {
						CreatedOnToolsVersion = 12.4;
					};
				};
			};
			buildConfigurationList = B8536C7026128FF6000A7E82 /* Build configuration list for PBXProject "ToDoList" */;
			compatibilityVersion = "Xcode 9.3";
			developmentRegion = en;
			hasScannedForEncodings = 0;
			knownRegions = (
				en,
				Base,
			);
			mainGroup = B8536C6C26128FF6000A7E82;
			productRefGroup = B8536C7626128FF6000A7E82 /* Products */;
			projectDirPath = "";
			projectRoot = "";
			targets = (
				B8536C7426128FF6000A7E82 /* ToDoList */,
			);
		};
/* End PBXProject section */

/* Begin PBXResourcesBuildPhase section */
		B8536C7326128FF6000A7E82 /* Resources */ = {
			isa = PBXResourcesBuildPhase;
			buildActionMask = 2147483647;
			files = (
				B8536C8026128FF8000A7E82 /* Preview Assets.xcassets in Resources */,
				B8536C7D26128FF8000A7E82 /* Assets.xcassets in Resources */,
			);
			runOnlyForDeploymentPostprocessing = 0;
		};
/* End PBXResourcesBuildPhase section */

/* Begin PBXSourcesBuildPhase section */
		B8536C7126128FF6000A7E82 /* Sources */ = {
			isa = PBXSourcesBuildPhase;
			buildActionMask = 2147483647;
			files = (
				B8536C8226128FF8000A7E82 /* Persistence.swift in Sources */,
				B8536C9B2612904F000A7E82 /* TodoList.swift in Sources */,
				B862EA3F2614C27500E435BA /* EditTask.swift in Sources */,
				B8536C962612904F000A7E82 /* QuickNewTask.swift in Sources */,
				B8536C7B26128FF6000A7E82 /* ContentView.swift in Sources */,
				B862EA3C26149BB800E435BA /* Binding+Extension.swift in Sources */,
				B8536C972612904F000A7E82 /* CheckBox.swift in Sources */,
				B8536C7926128FF6000A7E82 /* ToDoListApp.swift in Sources */,
				B8536C992612904F000A7E82 /* CategoryImage.swift in Sources */,
				B8536C9C2612904F000A7E82 /* TodoDetailRow.swift in Sources */,
				B8536C8526128FF8000A7E82 /* ToDoList.xcdatamodeld in Sources */,
				B862EA392614991500E435BA /* NewTask.swift in Sources */,
				B8536C9A2612904F000A7E82 /* UserView.swift in Sources */,
				B8536C982612904F000A7E82 /* CategoryView.swift in Sources */,
				B8536CA126129083000A7E82 /* Color+Extension.swift in Sources */,
				B8536CA226129083000A7E82 /* TodoEntity+Exension.swift in Sources */,
			);
			runOnlyForDeploymentPostprocessing = 0;
		};
/* End PBXSourcesBuildPhase section */

/* Begin XCBuildConfiguration section */
		B8536C8726128FF8000A7E82 /* Debug */ = {
			isa = XCBuildConfiguration;
			buildSettings = {
				ALWAYS_SEARCH_USER_PATHS = NO;
				CLANG_ANALYZER_NONNULL = YES;
				CLANG_ANALYZER_NUMBER_OBJECT_CONVERSION = YES_AGGRESSIVE;
				CLANG_CXX_LANGUAGE_STANDARD = "gnu++14";
				CLANG_CXX_LIBRARY = "libc++";
				CLANG_ENABLE_MODULES = YES;
				CLANG_ENABLE_OBJC_ARC = YES;
				CLANG_ENABLE_OBJC_WEAK = YES;
				CLANG_WARN_BLOCK_CAPTURE_AUTORELEASING = YES;
				CLANG_WARN_BOOL_CONVERSION = YES;
				CLANG_WARN_COMMA = YES;
				CLANG_WARN_CONSTANT_CONVERSION = YES;
				CLANG_WARN_DEPRECATED_OBJC_IMPLEMENTATIONS = YES;
				CLANG_WARN_DIRECT_OBJC_ISA_USAGE = YES_ERROR;
				CLANG_WARN_DOCUMENTATION_COMMENTS = YES;
				CLANG_WARN_EMPTY_BODY = YES;
				CLANG_WARN_ENUM_CONVERSION = YES;
				CLANG_WARN_INFINITE_RECURSION = YES;
				CLANG_WARN_INT_CONVERSION = YES;
				CLANG_WARN_NON_LITERAL_NULL_CONVERSION = YES;
				CLANG_WARN_OBJC_IMPLICIT_RETAIN_SELF = YES;
				CLANG_WARN_OBJC_LITERAL_CONVERSION = YES;
				CLANG_WARN_OBJC_ROOT_CLASS = YES_ERROR;
				CLANG_WARN_QUOTED_INCLUDE_IN_FRAMEWORK_HEADER = YES;
				CLANG_WARN_RANGE_LOOP_ANALYSIS = YES;
				CLANG_WARN_STRICT_PROTOTYPES = YES;
				CLANG_WARN_SUSPICIOUS_MOVE = YES;
				CLANG_WARN_UNGUARDED_AVAILABILITY = YES_AGGRESSIVE;
				CLANG_WARN_UNREACHABLE_CODE = YES;
				CLANG_WARN__DUPLICATE_METHOD_MATCH = YES;
				COPY_PHASE_STRIP = NO;
				DEBUG_INFORMATION_FORMAT = dwarf;
				ENABLE_STRICT_OBJC_MSGSEND = YES;
				ENABLE_TESTABILITY = YES;
				GCC_C_LANGUAGE_STANDARD = gnu11;
				GCC_DYNAMIC_NO_PIC = NO;
				GCC_NO_COMMON_BLOCKS = YES;
				GCC_OPTIMIZATION_LEVEL = 0;
				GCC_PREPROCESSOR_DEFINITIONS = (
					"DEBUG=1",
					"$(inherited)",
				);
				GCC_WARN_64_TO_32_BIT_CONVERSION = YES;
				GCC_WARN_ABOUT_RETURN_TYPE = YES_ERROR;
				GCC_WARN_UNDECLARED_SELECTOR = YES;
				GCC_WARN_UNINITIALIZED_AUTOS = YES_AGGRESSIVE;
				GCC_WARN_UNUSED_FUNCTION = YES;
				GCC_WARN_UNUSED_VARIABLE = YES;
				IPHONEOS_DEPLOYMENT_TARGET = 14.4;
				MTL_ENABLE_DEBUG_INFO = INCLUDE_SOURCE;
				MTL_FAST_MATH = YES;
				ONLY_ACTIVE_ARCH = YES;
				SDKROOT = iphoneos;
				SWIFT_ACTIVE_COMPILATION_CONDITIONS = DEBUG;
				SWIFT_OPTIMIZATION_LEVEL = "-Onone";
			};
			name = Debug;
		};
		B8536C8826128FF8000A7E82 /* Release */ = {
			isa = XCBuildConfiguration;
			buildSettings = {
				ALWAYS_SEARCH_USER_PATHS = NO;
				CLANG_ANALYZER_NONNULL = YES;
				CLANG_ANALYZER_NUMBER_OBJECT_CONVERSION = YES_AGGRESSIVE;
				CLANG_CXX_LANGUAGE_STANDARD = "gnu++14";
				CLANG_CXX_LIBRARY = "libc++";
				CLANG_ENABLE_MODULES = YES;
				CLANG_ENABLE_OBJC_ARC = YES;
				CLANG_ENABLE_OBJC_WEAK = YES;
				CLANG_WARN_BLOCK_CAPTURE_AUTORELEASING = YES;
				CLANG_WARN_BOOL_CONVERSION = YES;
				CLANG_WARN_COMMA = YES;
				CLANG_WARN_CONSTANT_CONVERSION = YES;
				CLANG_WARN_DEPRECATED_OBJC_IMPLEMENTATIONS = YES;
				CLANG_WARN_DIRECT_OBJC_ISA_USAGE = YES_ERROR;
				CLANG_WARN_DOCUMENTATION_COMMENTS = YES;
				CLANG_WARN_EMPTY_BODY = YES;
				CLANG_WARN_ENUM_CONVERSION = YES;
				CLANG_WARN_INFINITE_RECURSION = YES;
				CLANG_WARN_INT_CONVERSION = YES;
				CLANG_WARN_NON_LITERAL_NULL_CONVERSION = YES;
				CLANG_WARN_OBJC_IMPLICIT_RETAIN_SELF = YES;
				CLANG_WARN_OBJC_LITERAL_CONVERSION = YES;
				CLANG_WARN_OBJC_ROOT_CLASS = YES_ERROR;
				CLANG_WARN_QUOTED_INCLUDE_IN_FRAMEWORK_HEADER = YES;
				CLANG_WARN_RANGE_LOOP_ANALYSIS = YES;
				CLANG_WARN_STRICT_PROTOTYPES = YES;
				CLANG_WARN_SUSPICIOUS_MOVE = YES;
				CLANG_WARN_UNGUARDED_AVAILABILITY = YES_AGGRESSIVE;
				CLANG_WARN_UNREACHABLE_CODE = YES;
				CLANG_WARN__DUPLICATE_METHOD_MATCH = YES;
				COPY_PHASE_STRIP = NO;
				DEBUG_INFORMATION_FORMAT = "dwarf-with-dsym";
				ENABLE_NS_ASSERTIONS = NO;
				ENABLE_STRICT_OBJC_MSGSEND = YES;
				GCC_C_LANGUAGE_STANDARD = gnu11;
				GCC_NO_COMMON_BLOCKS = YES;
				GCC_WARN_64_TO_32_BIT_CONVERSION = YES;
				GCC_WARN_ABOUT_RETURN_TYPE = YES_ERROR;
				GCC_WARN_UNDECLARED_SELECTOR = YES;
				GCC_WARN_UNINITIALIZED_AUTOS = YES_AGGRESSIVE;
				GCC_WARN_UNUSED_FUNCTION = YES;
				GCC_WARN_UNUSED_VARIABLE = YES;
				IPHONEOS_DEPLOYMENT_TARGET = 14.4;
				MTL_ENABLE_DEBUG_INFO = NO;
				MTL_FAST_MATH = YES;
				SDKROOT = iphoneos;
				SWIFT_COMPILATION_MODE = wholemodule;
				SWIFT_OPTIMIZATION_LEVEL = "-O";
				VALIDATE_PRODUCT = YES;
			};
			name = Release;
		};
		B8536C8A26128FF8000A7E82 /* Debug */ = {
			isa = XCBuildConfiguration;
			buildSettings = {
				ASSETCATALOG_COMPILER_APPICON_NAME = AppIcon;
				ASSETCATALOG_COMPILER_GLOBAL_ACCENT_COLOR_NAME = AccentColor;
				CODE_SIGN_STYLE = Automatic;
				DEVELOPMENT_ASSET_PATHS = "\"ToDoList/Preview Content\"";
				DEVELOPMENT_TEAM = 46PPT3XW4H;
				ENABLE_PREVIEWS = YES;
				INFOPLIST_FILE = ToDoList/Info.plist;
				IPHONEOS_DEPLOYMENT_TARGET = 14.0;
				LD_RUNPATH_SEARCH_PATHS = (
					"$(inherited)",
					"@executable_path/Frameworks",
				);
				PRODUCT_BUNDLE_IDENTIFIER = "com.wakamori-k.learning.ToDoList";
				PRODUCT_NAME = "$(TARGET_NAME)";
				SWIFT_VERSION = 5.0;
				TARGETED_DEVICE_FAMILY = "1,2";
			};
			name = Debug;
		};
		B8536C8B26128FF8000A7E82 /* Release */ = {
			isa = XCBuildConfiguration;
			buildSettings = {
				ASSETCATALOG_COMPILER_APPICON_NAME = AppIcon;
				ASSETCATALOG_COMPILER_GLOBAL_ACCENT_COLOR_NAME = AccentColor;
				CODE_SIGN_STYLE = Automatic;
				DEVELOPMENT_ASSET_PATHS = "\"ToDoList/Preview Content\"";
				DEVELOPMENT_TEAM = 46PPT3XW4H;
				ENABLE_PREVIEWS = YES;
				INFOPLIST_FILE = ToDoList/Info.plist;
				IPHONEOS_DEPLOYMENT_TARGET = 14.0;
				LD_RUNPATH_SEARCH_PATHS = (
					"$(inherited)",
					"@executable_path/Frameworks",
				);
				PRODUCT_BUNDLE_IDENTIFIER = "com.wakamori-k.learning.ToDoList";
				PRODUCT_NAME = "$(TARGET_NAME)";
				SWIFT_VERSION = 5.0;
				TARGETED_DEVICE_FAMILY = "1,2";
			};
			name = Release;
		};
/* End XCBuildConfiguration section */

/* Begin XCConfigurationList section */
		B8536C7026128FF6000A7E82 /* Build configuration list for PBXProject "ToDoList" */ = {
			isa = XCConfigurationList;
			buildConfigurations = (
				B8536C8726128FF8000A7E82 /* Debug */,
				B8536C8826128FF8000A7E82 /* Release */,
			);
			defaultConfigurationIsVisible = 0;
			defaultConfigurationName = Release;
		};
		B8536C8926128FF8000A7E82 /* Build configuration list for PBXNativeTarget "ToDoList" */ = {
			isa = XCConfigurationList;
			buildConfigurations = (
				B8536C8A26128FF8000A7E82 /* Debug */,
				B8536C8B26128FF8000A7E82 /* Release */,
			);
			defaultConfigurationIsVisible = 0;
			defaultConfigurationName = Release;
		};
/* End XCConfigurationList section */

/* Begin XCVersionGroup section */
		B8536C8326128FF8000A7E82 /* ToDoList.xcdatamodeld */ = {
			isa = XCVersionGroup;
			children = (
				B8536C8426128FF8000A7E82 /* ToDoList.xcdatamodel */,
			);
			currentVersion = B8536C8426128FF8000A7E82 /* ToDoList.xcdatamodel */;
			path = ToDoList.xcdatamodeld;
			sourceTree = "<group>";
			versionGroupType = wrapper.xcdatamodel;
		};
/* End XCVersionGroup section */
	};
	rootObject = B8536C6D26128FF6000A7E82 /* Project object */;
}
